
Microsoft Visual Studio Solution File, Format Version 12.00
# Visual Studio Version 17
VisualStudioVersion = 17.9.34728.123
MinimumVisualStudioVersion = 10.0.40219.1
Project("{FAE04EC0-301F-11D3-BF4B-00C04F79EFBC}") = "BusyBee.Server", "BusyBee.Server\BusyBee.Server.csproj", "{E067CE03-B0DF-440A-9158-7CF637CB90F4}"
EndProject
Project("{54A90642-561A-4BB1-A94E-469ADEE60C69}") = "busybee.client", "busybee.client\busybee.client.esproj", "{4BB59AA3-7DEE-4F9D-B72D-CDDFA0C1624C}"
EndProject
Global
	GlobalSection(SolutionConfigurationPlatforms) = preSolution
		Debug|Any CPU = Debug|Any CPU
		Release|Any CPU = Release|Any CPU
	EndGlobalSection
	GlobalSection(ProjectConfigurationPlatforms) = postSolution
		{E067CE03-B0DF-440A-9158-7CF637CB90F4}.Debug|Any CPU.ActiveCfg = Debug|Any CPU
		{E067CE03-B0DF-440A-9158-7CF637CB90F4}.Debug|Any CPU.Build.0 = Debug|Any CPU
		{E067CE03-B0DF-440A-9158-7CF637CB90F4}.Release|Any CPU.ActiveCfg = Release|Any CPU
		{E067CE03-B0DF-440A-9158-7CF637CB90F4}.Release|Any CPU.Build.0 = Release|Any CPU
		{4BB59AA3-7DEE-4F9D-B72D-CDDFA0C1624C}.Debug|Any CPU.ActiveCfg = Debug|Any CPU
		{4BB59AA3-7DEE-4F9D-B72D-CDDFA0C1624C}.Debug|Any CPU.Build.0 = Debug|Any CPU
		{4BB59AA3-7DEE-4F9D-B72D-CDDFA0C1624C}.Debug|Any CPU.Deploy.0 = Debug|Any CPU
		{4BB59AA3-7DEE-4F9D-B72D-CDDFA0C1624C}.Release|Any CPU.ActiveCfg = Release|Any CPU
		{4BB59AA3-7DEE-4F9D-B72D-CDDFA0C1624C}.Release|Any CPU.Build.0 = Release|Any CPU
		{4BB59AA3-7DEE-4F9D-B72D-CDDFA0C1624C}.Release|Any CPU.Deploy.0 = Release|Any CPU
	EndGlobalSection
	GlobalSection(SolutionProperties) = preSolution
		HideSolutionNode = FALSE
	EndGlobalSection
	GlobalSection(ExtensibilityGlobals) = postSolution
		SolutionGuid = {D5A859B4-109C-4253-8761-8BD31179DDB5}
	EndGlobalSection
EndGlobal
